
Microsoft Visual Studio Solution File, Format Version 12.00
# Visual Studio Version 17
VisualStudioVersion = 17.4.33205.214
MinimumVisualStudioVersion = 10.0.40219.1
Project("{FAE04EC0-301F-11D3-BF4B-00C04F79EFBC}") = "ChatService", "ChatService\ChatService.csproj", "{0B580EEE-145F-4D33-A21E-095AA51FAD37}"
EndProject
Global
	GlobalSection(SolutionConfigurationPlatforms) = preSolution
		Debug|Any CPU = Debug|Any CPU
		Release|Any CPU = Release|Any CPU
	EndGlobalSection
	GlobalSection(ProjectConfigurationPlatforms) = postSolution
		{0B580EEE-145F-4D33-A21E-095AA51FAD37}.Debug|Any CPU.ActiveCfg = Debug|Any CPU
		{0B580EEE-145F-4D33-A21E-095AA51FAD37}.Debug|Any CPU.Build.0 = Debug|Any CPU
		{0B580EEE-145F-4D33-A21E-095AA51FAD37}.Release|Any CPU.ActiveCfg = Release|Any CPU
		{0B580EEE-145F-4D33-A21E-095AA51FAD37}.Release|Any CPU.Build.0 = Release|Any CPU
	EndGlobalSection
	GlobalSection(SolutionProperties) = preSolution
		HideSolutionNode = FALSE
	EndGlobalSection
	GlobalSection(ExtensibilityGlobals) = postSolution
		SolutionGuid = {1BC63618-8C23-4905-9343-7ECAFE95C62E}
	EndGlobalSection
EndGlobal
